
Microsoft Visual Studio Solution File, Format Version 12.00
# Visual Studio 15
VisualStudioVersion = 15.0.27428.2015
MinimumVisualStudioVersion = 10.0.40219.1
Project("{8BC9CEB8-8B4A-11D0-8D11-00A0C91BC942}") = "NetworkFlow", "NetworkFlow\NetworkFlow.vcxproj", "{059334DD-37BB-4862-ABB0-D70228440DEF}"
EndProject
Global
	GlobalSection(SolutionConfigurationPlatforms) = preSolution
		Debug|x64 = Debug|x64
		Debug|x86 = Debug|x86
		Release|x64 = Release|x64
		Release|x86 = Release|x86
	EndGlobalSection
	GlobalSection(ProjectConfigurationPlatforms) = postSolution
		{059334DD-37BB-4862-ABB0-D70228440DEF}.Debug|x64.ActiveCfg = Debug|x64
		{059334DD-37BB-4862-ABB0-D70228440DEF}.Debug|x64.Build.0 = Debug|x64
		{059334DD-37BB-4862-ABB0-D70228440DEF}.Debug|x86.ActiveCfg = Debug|Win32
		{059334DD-37BB-4862-ABB0-D70228440DEF}.Debug|x86.Build.0 = Debug|Win32
		{059334DD-37BB-4862-ABB0-D70228440DEF}.Release|x64.ActiveCfg = Release|x64
		{059334DD-37BB-4862-ABB0-D70228440DEF}.Release|x64.Build.0 = Release|x64
		{059334DD-37BB-4862-ABB0-D70228440DEF}.Release|x86.ActiveCfg = Release|Win32
		{059334DD-37BB-4862-ABB0-D70228440DEF}.Release|x86.Build.0 = Release|Win32
	EndGlobalSection
	GlobalSection(SolutionProperties) = preSolution
		HideSolutionNode = FALSE
	EndGlobalSection
	GlobalSection(ExtensibilityGlobals) = postSolution
		SolutionGuid = {4FC98469-412D-49BE-9FF9-7A3CF8234AFE}
	EndGlobalSection
EndGlobal
